
Microsoft Visual Studio Solution File, Format Version 12.00
# Visual Studio Version 17
VisualStudioVersion = 17.10.35013.160
MinimumVisualStudioVersion = 10.0.40219.1
Project("{FAE04EC0-301F-11D3-BF4B-00C04F79EFBC}") = "C# Exam", "C# Exam\C# Exam.csproj", "{E749A289-2048-4B76-85ED-742C7DFB91CF}"
EndProject
Global
	GlobalSection(SolutionConfigurationPlatforms) = preSolution
		Debug|Any CPU = Debug|Any CPU
		Release|Any CPU = Release|Any CPU
	EndGlobalSection
	GlobalSection(ProjectConfigurationPlatforms) = postSolution
		{E749A289-2048-4B76-85ED-742C7DFB91CF}.Debug|Any CPU.ActiveCfg = Debug|Any CPU
		{E749A289-2048-4B76-85ED-742C7DFB91CF}.Debug|Any CPU.Build.0 = Debug|Any CPU
		{E749A289-2048-4B76-85ED-742C7DFB91CF}.Release|Any CPU.ActiveCfg = Release|Any CPU
		{E749A289-2048-4B76-85ED-742C7DFB91CF}.Release|Any CPU.Build.0 = Release|Any CPU
	EndGlobalSection
	GlobalSection(SolutionProperties) = preSolution
		HideSolutionNode = FALSE
	EndGlobalSection
	GlobalSection(ExtensibilityGlobals) = postSolution
		SolutionGuid = {00BB7B8D-C741-4DF1-B9D0-83DB309EEBDC}
	EndGlobalSection
EndGlobal
